// !$*UTF8*$!
{
	archiveVersion = 1;
	classes = {
	};
	objectVersion = 56;
	objects = {

/* Begin PBXBuildFile section */
		53BBE9502A4DCBBA00FC12E0 /* AppDelegate.swift in Sources */ = {isa = PBXBuildFile; fileRef = 53BBE94F2A4DCBBA00FC12E0 /* AppDelegate.swift */; };
		53BBE9522A4DCBBA00FC12E0 /* SceneDelegate.swift in Sources */ = {isa = PBXBuildFile; fileRef = 53BBE9512A4DCBBA00FC12E0 /* SceneDelegate.swift */; };
		53BBE9572A4DCBBA00FC12E0 /* Main.storyboard in Resources */ = {isa = PBXBuildFile; fileRef = 53BBE9552A4DCBBA00FC12E0 /* Main.storyboard */; };
		53BBE9592A4DCBBB00FC12E0 /* Assets.xcassets in Resources */ = {isa = PBXBuildFile; fileRef = 53BBE9582A4DCBBB00FC12E0 /* Assets.xcassets */; };
		53BBE95C2A4DCBBB00FC12E0 /* LaunchScreen.storyboard in Resources */ = {isa = PBXBuildFile; fileRef = 53BBE95A2A4DCBBB00FC12E0 /* LaunchScreen.storyboard */; };
		53BBE9672A4DCBBC00FC12E0 /* ChatAppTests.swift in Sources */ = {isa = PBXBuildFile; fileRef = 53BBE9662A4DCBBC00FC12E0 /* ChatAppTests.swift */; };
		53BBE9712A4DCBBC00FC12E0 /* ChatAppUITests.swift in Sources */ = {isa = PBXBuildFile; fileRef = 53BBE9702A4DCBBC00FC12E0 /* ChatAppUITests.swift */; };
		53BBE9732A4DCBBC00FC12E0 /* ChatAppUITestsLaunchTests.swift in Sources */ = {isa = PBXBuildFile; fileRef = 53BBE9722A4DCBBC00FC12E0 /* ChatAppUITestsLaunchTests.swift */; };
		B0514E412A51A9A100861203 /* Message.swift in Sources */ = {isa = PBXBuildFile; fileRef = B0514E402A51A9A100861203 /* Message.swift */; };
		B068E2D42A534BAF00556106 /* SenderTableViewCell.swift in Sources */ = {isa = PBXBuildFile; fileRef = B068E2D22A534BAF00556106 /* SenderTableViewCell.swift */; };
		B068E2D52A534BAF00556106 /* SenderTableViewCell.xib in Resources */ = {isa = PBXBuildFile; fileRef = B068E2D32A534BAF00556106 /* SenderTableViewCell.xib */; };
		B068E2D82A534DDC00556106 /* ReceiverTableViewCell.swift in Sources */ = {isa = PBXBuildFile; fileRef = B068E2D62A534DDC00556106 /* ReceiverTableViewCell.swift */; };
		B068E2D92A534DDC00556106 /* ReceiverTableViewCell.xib in Resources */ = {isa = PBXBuildFile; fileRef = B068E2D72A534DDC00556106 /* ReceiverTableViewCell.xib */; };
		B068E2DC2A53556800556106 /* IQKeyboardManagerSwift in Frameworks */ = {isa = PBXBuildFile; productRef = B068E2DB2A53556800556106 /* IQKeyboardManagerSwift */; };
		B0C87AA42A509876000B7467 /* LoginViewController.swift in Sources */ = {isa = PBXBuildFile; fileRef = B0C87AA32A509876000B7467 /* LoginViewController.swift */; };
		B0C87AA62A509887000B7467 /* SignupViewController.swift in Sources */ = {isa = PBXBuildFile; fileRef = B0C87AA52A509887000B7467 /* SignupViewController.swift */; };
		B0C87AA82A509A90000B7467 /* HomeViewController.swift in Sources */ = {isa = PBXBuildFile; fileRef = B0C87AA72A509A90000B7467 /* HomeViewController.swift */; };
		B0C87AAA2A509C50000B7467 /* GoogleService-Info.plist in Resources */ = {isa = PBXBuildFile; fileRef = B0C87AA92A509C50000B7467 /* GoogleService-Info.plist */; };
		B0C87AAD2A50A6F5000B7467 /* FirebaseAuth in Frameworks */ = {isa = PBXBuildFile; productRef = B0C87AAC2A50A6F5000B7467 /* FirebaseAuth */; };
		B0C87AAF2A50A6F5000B7467 /* FirebaseFirestore in Frameworks */ = {isa = PBXBuildFile; productRef = B0C87AAE2A50A6F5000B7467 /* FirebaseFirestore */; };
		B0E884062A517EF00072467F /* ChatViewController.swift in Sources */ = {isa = PBXBuildFile; fileRef = B0E884052A517EF00072467F /* ChatViewController.swift */; };
/* End PBXBuildFile section */

/* Begin PBXContainerItemProxy section */
		53BBE9632A4DCBBC00FC12E0 /* PBXContainerItemProxy */ = {
			isa = PBXContainerItemProxy;
			containerPortal = 53BBE9442A4DCBBA00FC12E0 /* Project object */;
			proxyType = 1;
			remoteGlobalIDString = 53BBE94B2A4DCBBA00FC12E0;
			remoteInfo = ChatApp;
		};
		53BBE96D2A4DCBBC00FC12E0 /* PBXContainerItemProxy */ = {
			isa = PBXContainerItemProxy;
			containerPortal = 53BBE9442A4DCBBA00FC12E0 /* Project object */;
			proxyType = 1;
			remoteGlobalIDString = 53BBE94B2A4DCBBA00FC12E0;
			remoteInfo = ChatApp;
		};
/* End PBXContainerItemProxy section */

/* Begin PBXFileReference section */
		53BBE94C2A4DCBBA00FC12E0 /* ChatApp.app */ = {isa = PBXFileReference; explicitFileType = wrapper.application; includeInIndex = 0; path = ChatApp.app; sourceTree = BUILT_PRODUCTS_DIR; };
		53BBE94F2A4DCBBA00FC12E0 /* AppDelegate.swift */ = {isa = PBXFileReference; lastKnownFileType = sourcecode.swift; path = AppDelegate.swift; sourceTree = "<group>"; };
		53BBE9512A4DCBBA00FC12E0 /* SceneDelegate.swift */ = {isa = PBXFileReference; lastKnownFileType = sourcecode.swift; path = SceneDelegate.swift; sourceTree = "<group>"; };
		53BBE9562A4DCBBA00FC12E0 /* Base */ = {isa = PBXFileReference; lastKnownFileType = file.storyboard; name = Base; path = Base.lproj/Main.storyboard; sourceTree = "<group>"; };
		53BBE9582A4DCBBB00FC12E0 /* Assets.xcassets */ = {isa = PBXFileReference; lastKnownFileType = folder.assetcatalog; path = Assets.xcassets; sourceTree = "<group>"; };
		53BBE95B2A4DCBBB00FC12E0 /* Base */ = {isa = PBXFileReference; lastKnownFileType = file.storyboard; name = Base; path = Base.lproj/LaunchScreen.storyboard; sourceTree = "<group>"; };
		53BBE95D2A4DCBBB00FC12E0 /* Info.plist */ = {isa = PBXFileReference; lastKnownFileType = text.plist.xml; path = Info.plist; sourceTree = "<group>"; };
		53BBE9622A4DCBBC00FC12E0 /* ChatAppTests.xctest */ = {isa = PBXFileReference; explicitFileType = wrapper.cfbundle; includeInIndex = 0; path = ChatAppTests.xctest; sourceTree = BUILT_PRODUCTS_DIR; };
		53BBE9662A4DCBBC00FC12E0 /* ChatAppTests.swift */ = {isa = PBXFileReference; lastKnownFileType = sourcecode.swift; path = ChatAppTests.swift; sourceTree = "<group>"; };
		53BBE96C2A4DCBBC00FC12E0 /* ChatAppUITests.xctest */ = {isa = PBXFileReference; explicitFileType = wrapper.cfbundle; includeInIndex = 0; path = ChatAppUITests.xctest; sourceTree = BUILT_PRODUCTS_DIR; };
		53BBE9702A4DCBBC00FC12E0 /* ChatAppUITests.swift */ = {isa = PBXFileReference; lastKnownFileType = sourcecode.swift; path = ChatAppUITests.swift; sourceTree = "<group>"; };
		53BBE9722A4DCBBC00FC12E0 /* ChatAppUITestsLaunchTests.swift */ = {isa = PBXFileReference; lastKnownFileType = sourcecode.swift; path = ChatAppUITestsLaunchTests.swift; sourceTree = "<group>"; };
		B0514E402A51A9A100861203 /* Message.swift */ = {isa = PBXFileReference; lastKnownFileType = sourcecode.swift; path = Message.swift; sourceTree = "<group>"; };
		B068E2D22A534BAF00556106 /* SenderTableViewCell.swift */ = {isa = PBXFileReference; lastKnownFileType = sourcecode.swift; path = SenderTableViewCell.swift; sourceTree = "<group>"; };
		B068E2D32A534BAF00556106 /* SenderTableViewCell.xib */ = {isa = PBXFileReference; lastKnownFileType = file.xib; path = SenderTableViewCell.xib; sourceTree = "<group>"; };
		B068E2D62A534DDC00556106 /* ReceiverTableViewCell.swift */ = {isa = PBXFileReference; lastKnownFileType = sourcecode.swift; path = ReceiverTableViewCell.swift; sourceTree = "<group>"; };
		B068E2D72A534DDC00556106 /* ReceiverTableViewCell.xib */ = {isa = PBXFileReference; lastKnownFileType = file.xib; path = ReceiverTableViewCell.xib; sourceTree = "<group>"; };
		B0C87AA32A509876000B7467 /* LoginViewController.swift */ = {isa = PBXFileReference; lastKnownFileType = sourcecode.swift; path = LoginViewController.swift; sourceTree = "<group>"; };
		B0C87AA52A509887000B7467 /* SignupViewController.swift */ = {isa = PBXFileReference; lastKnownFileType = sourcecode.swift; path = SignupViewController.swift; sourceTree = "<group>"; };
		B0C87AA72A509A90000B7467 /* HomeViewController.swift */ = {isa = PBXFileReference; lastKnownFileType = sourcecode.swift; path = HomeViewController.swift; sourceTree = "<group>"; };
		B0C87AA92A509C50000B7467 /* GoogleService-Info.plist */ = {isa = PBXFileReference; fileEncoding = 4; lastKnownFileType = text.plist.xml; path = "GoogleService-Info.plist"; sourceTree = "<group>"; };
		B0E884052A517EF00072467F /* ChatViewController.swift */ = {isa = PBXFileReference; lastKnownFileType = sourcecode.swift; path = ChatViewController.swift; sourceTree = "<group>"; };
/* End PBXFileReference section */

/* Begin PBXFrameworksBuildPhase section */
		53BBE9492A4DCBBA00FC12E0 /* Frameworks */ = {
			isa = PBXFrameworksBuildPhase;
			buildActionMask = 2147483647;
			files = (
				B0C87AAD2A50A6F5000B7467 /* FirebaseAuth in Frameworks */,
				B0C87AAF2A50A6F5000B7467 /* FirebaseFirestore in Frameworks */,
				B068E2DC2A53556800556106 /* IQKeyboardManagerSwift in Frameworks */,
			);
			runOnlyForDeploymentPostprocessing = 0;
		};
		53BBE95F2A4DCBBC00FC12E0 /* Frameworks */ = {
			isa = PBXFrameworksBuildPhase;
			buildActionMask = 2147483647;
			files = (
			);
			runOnlyForDeploymentPostprocessing = 0;
		};
		53BBE9692A4DCBBC00FC12E0 /* Frameworks */ = {
			isa = PBXFrameworksBuildPhase;
			buildActionMask = 2147483647;
			files = (
			);
			runOnlyForDeploymentPostprocessing = 0;
		};
/* End PBXFrameworksBuildPhase section */

/* Begin PBXGroup section */
		53BBE9432A4DCBBA00FC12E0 = {
			isa = PBXGroup;
			children = (
				53BBE94E2A4DCBBA00FC12E0 /* ChatApp */,
				53BBE9652A4DCBBC00FC12E0 /* ChatAppTests */,
				53BBE96F2A4DCBBC00FC12E0 /* ChatAppUITests */,
				53BBE94D2A4DCBBA00FC12E0 /* Products */,
			);
			sourceTree = "<group>";
		};
		53BBE94D2A4DCBBA00FC12E0 /* Products */ = {
			isa = PBXGroup;
			children = (
				53BBE94C2A4DCBBA00FC12E0 /* ChatApp.app */,
				53BBE9622A4DCBBC00FC12E0 /* ChatAppTests.xctest */,
				53BBE96C2A4DCBBC00FC12E0 /* ChatAppUITests.xctest */,
			);
			name = Products;
			sourceTree = "<group>";
		};
		53BBE94E2A4DCBBA00FC12E0 /* ChatApp */ = {
			isa = PBXGroup;
			children = (
				B0C87AA22A509799000B7467 /* Controller */,
				B0C87AA12A50978B000B7467 /* View */,
				B0C87AA02A509781000B7467 /* Mode */,
				53BBE9582A4DCBBB00FC12E0 /* Assets.xcassets */,
				53BBE95D2A4DCBBB00FC12E0 /* Info.plist */,
				B0C87AA92A509C50000B7467 /* GoogleService-Info.plist */,
			);
			path = ChatApp;
			sourceTree = "<group>";
		};
		53BBE9652A4DCBBC00FC12E0 /* ChatAppTests */ = {
			isa = PBXGroup;
			children = (
				53BBE9662A4DCBBC00FC12E0 /* ChatAppTests.swift */,
			);
			path = ChatAppTests;
			sourceTree = "<group>";
		};
		53BBE96F2A4DCBBC00FC12E0 /* ChatAppUITests */ = {
			isa = PBXGroup;
			children = (
				53BBE9702A4DCBBC00FC12E0 /* ChatAppUITests.swift */,
				53BBE9722A4DCBBC00FC12E0 /* ChatAppUITestsLaunchTests.swift */,
			);
			path = ChatAppUITests;
			sourceTree = "<group>";
		};
		B0C87AA02A509781000B7467 /* Mode */ = {
			isa = PBXGroup;
			children = (
				B0514E402A51A9A100861203 /* Message.swift */,
			);
			path = Mode;
			sourceTree = "<group>";
		};
		B0C87AA12A50978B000B7467 /* View */ = {
			isa = PBXGroup;
			children = (
				53BBE9552A4DCBBA00FC12E0 /* Main.storyboard */,
				53BBE95A2A4DCBBB00FC12E0 /* LaunchScreen.storyboard */,
				B068E2D32A534BAF00556106 /* SenderTableViewCell.xib */,
				B068E2D72A534DDC00556106 /* ReceiverTableViewCell.xib */,
			);
			path = View;
			sourceTree = "<group>";
		};
		B0C87AA22A509799000B7467 /* Controller */ = {
			isa = PBXGroup;
			children = (
				53BBE94F2A4DCBBA00FC12E0 /* AppDelegate.swift */,
				53BBE9512A4DCBBA00FC12E0 /* SceneDelegate.swift */,
				B0C87AA72A509A90000B7467 /* HomeViewController.swift */,
				B0C87AA32A509876000B7467 /* LoginViewController.swift */,
				B0C87AA52A509887000B7467 /* SignupViewController.swift */,
				B0E884052A517EF00072467F /* ChatViewController.swift */,
				B068E2D22A534BAF00556106 /* SenderTableViewCell.swift */,
				B068E2D62A534DDC00556106 /* ReceiverTableViewCell.swift */,
			);
			path = Controller;
			sourceTree = "<group>";
		};
/* End PBXGroup section */

/* Begin PBXNativeTarget section */
		53BBE94B2A4DCBBA00FC12E0 /* ChatApp */ = {
			isa = PBXNativeTarget;
			buildConfigurationList = 53BBE9762A4DCBBC00FC12E0 /* Build configuration list for PBXNativeTarget "ChatApp" */;
			buildPhases = (
				53BBE9482A4DCBBA00FC12E0 /* Sources */,
				53BBE9492A4DCBBA00FC12E0 /* Frameworks */,
				53BBE94A2A4DCBBA00FC12E0 /* Resources */,
			);
			buildRules = (
			);
			dependencies = (
			);
			name = ChatApp;
			packageProductDependencies = (
				B0C87AAC2A50A6F5000B7467 /* FirebaseAuth */,
				B0C87AAE2A50A6F5000B7467 /* FirebaseFirestore */,
				B068E2DB2A53556800556106 /* IQKeyboardManagerSwift */,
			);
			productName = ChatApp;
			productReference = 53BBE94C2A4DCBBA00FC12E0 /* ChatApp.app */;
			productType = "com.apple.product-type.application";
		};
		53BBE9612A4DCBBC00FC12E0 /* ChatAppTests */ = {
			isa = PBXNativeTarget;
			buildConfigurationList = 53BBE9792A4DCBBC00FC12E0 /* Build configuration list for PBXNativeTarget "ChatAppTests" */;
			buildPhases = (
				53BBE95E2A4DCBBC00FC12E0 /* Sources */,
				53BBE95F2A4DCBBC00FC12E0 /* Frameworks */,
				53BBE9602A4DCBBC00FC12E0 /* Resources */,
			);
			buildRules = (
			);
			dependencies = (
				53BBE9642A4DCBBC00FC12E0 /* PBXTargetDependency */,
			);
			name = ChatAppTests;
			productName = ChatAppTests;
			productReference = 53BBE9622A4DCBBC00FC12E0 /* ChatAppTests.xctest */;
			productType = "com.apple.product-type.bundle.unit-test";
		};
		53BBE96B2A4DCBBC00FC12E0 /* ChatAppUITests */ = {
			isa = PBXNativeTarget;
			buildConfigurationList = 53BBE97C2A4DCBBC00FC12E0 /* Build configuration list for PBXNativeTarget "ChatAppUITests" */;
			buildPhases = (
				53BBE9682A4DCBBC00FC12E0 /* Sources */,
				53BBE9692A4DCBBC00FC12E0 /* Frameworks */,
				53BBE96A2A4DCBBC00FC12E0 /* Resources */,
			);
			buildRules = (
			);
			dependencies = (
				53BBE96E2A4DCBBC00FC12E0 /* PBXTargetDependency */,
			);
			name = ChatAppUITests;
			productName = ChatAppUITests;
			productReference = 53BBE96C2A4DCBBC00FC12E0 /* ChatAppUITests.xctest */;
			productType = "com.apple.product-type.bundle.ui-testing";
		};
/* End PBXNativeTarget section */

/* Begin PBXProject section */
		53BBE9442A4DCBBA00FC12E0 /* Project object */ = {
			isa = PBXProject;
			attributes = {
				BuildIndependentTargetsInParallel = 1;
				LastSwiftUpdateCheck = 1420;
				LastUpgradeCheck = 1420;
				TargetAttributes = {
					53BBE94B2A4DCBBA00FC12E0 = {
						CreatedOnToolsVersion = 14.2;
					};
					53BBE9612A4DCBBC00FC12E0 = {
						CreatedOnToolsVersion = 14.2;
						TestTargetID = 53BBE94B2A4DCBBA00FC12E0;
					};
					53BBE96B2A4DCBBC00FC12E0 = {
						CreatedOnToolsVersion = 14.2;
						TestTargetID = 53BBE94B2A4DCBBA00FC12E0;
					};
				};
			};
			buildConfigurationList = 53BBE9472A4DCBBA00FC12E0 /* Build configuration list for PBXProject "ChatApp" */;
			compatibilityVersion = "Xcode 14.0";
			developmentRegion = en;
			hasScannedForEncodings = 0;
			knownRegions = (
				en,
				Base,
			);
			mainGroup = 53BBE9432A4DCBBA00FC12E0;
			packageReferences = (
				B0C87AAB2A50A6F5000B7467 /* XCRemoteSwiftPackageReference "firebase-ios-sdk" */,
				B068E2DA2A53556800556106 /* XCRemoteSwiftPackageReference "IQKeyboardManager" */,
			);
			productRefGroup = 53BBE94D2A4DCBBA00FC12E0 /* Products */;
			projectDirPath = "";
			projectRoot = "";
			targets = (
				53BBE94B2A4DCBBA00FC12E0 /* ChatApp */,
				53BBE9612A4DCBBC00FC12E0 /* ChatAppTests */,
				53BBE96B2A4DCBBC00FC12E0 /* ChatAppUITests */,
			);
		};
/* End PBXProject section */

/* Begin PBXResourcesBuildPhase section */
		53BBE94A2A4DCBBA00FC12E0 /* Resources */ = {
			isa = PBXResourcesBuildPhase;
			buildActionMask = 2147483647;
			files = (
				B068E2D92A534DDC00556106 /* ReceiverTableViewCell.xib in Resources */,
				B068E2D52A534BAF00556106 /* SenderTableViewCell.xib in Resources */,
				53BBE95C2A4DCBBB00FC12E0 /* LaunchScreen.storyboard in Resources */,
				B0C87AAA2A509C50000B7467 /* GoogleService-Info.plist in Resources */,
				53BBE9592A4DCBBB00FC12E0 /* Assets.xcassets in Resources */,
				53BBE9572A4DCBBA00FC12E0 /* Main.storyboard in Resources */,
			);
			runOnlyForDeploymentPostprocessing = 0;
		};
		53BBE9602A4DCBBC00FC12E0 /* Resources */ = {
			isa = PBXResourcesBuildPhase;
			buildActionMask = 2147483647;
			files = (
			);
			runOnlyForDeploymentPostprocessing = 0;
		};
		53BBE96A2A4DCBBC00FC12E0 /* Resources */ = {
			isa = PBXResourcesBuildPhase;
			buildActionMask = 2147483647;
			files = (
			);
			runOnlyForDeploymentPostprocessing = 0;
		};
/* End PBXResourcesBuildPhase section */

/* Begin PBXSourcesBuildPhase section */
		53BBE9482A4DCBBA00FC12E0 /* Sources */ = {
			isa = PBXSourcesBuildPhase;
			buildActionMask = 2147483647;
			files = (
				B068E2D42A534BAF00556106 /* SenderTableViewCell.swift in Sources */,
				B0C87AA82A509A90000B7467 /* HomeViewController.swift in Sources */,
				B0C87AA42A509876000B7467 /* LoginViewController.swift in Sources */,
				B0C87AA62A509887000B7467 /* SignupViewController.swift in Sources */,
				53BBE9502A4DCBBA00FC12E0 /* AppDelegate.swift in Sources */,
				B0E884062A517EF00072467F /* ChatViewController.swift in Sources */,
				53BBE9522A4DCBBA00FC12E0 /* SceneDelegate.swift in Sources */,
				B068E2D82A534DDC00556106 /* ReceiverTableViewCell.swift in Sources */,
				B0514E412A51A9A100861203 /* Message.swift in Sources */,
			);
			runOnlyForDeploymentPostprocessing = 0;
		};
		53BBE95E2A4DCBBC00FC12E0 /* Sources */ = {
			isa = PBXSourcesBuildPhase;
			buildActionMask = 2147483647;
			files = (
				53BBE9672A4DCBBC00FC12E0 /* ChatAppTests.swift in Sources */,
			);
			runOnlyForDeploymentPostprocessing = 0;
		};
		53BBE9682A4DCBBC00FC12E0 /* Sources */ = {
			isa = PBXSourcesBuildPhase;
			buildActionMask = 2147483647;
			files = (
				53BBE9732A4DCBBC00FC12E0 /* ChatAppUITestsLaunchTests.swift in Sources */,
				53BBE9712A4DCBBC00FC12E0 /* ChatAppUITests.swift in Sources */,
			);
			runOnlyForDeploymentPostprocessing = 0;
		};
/* End PBXSourcesBuildPhase section */

/* Begin PBXTargetDependency section */
		53BBE9642A4DCBBC00FC12E0 /* PBXTargetDependency */ = {
			isa = PBXTargetDependency;
			target = 53BBE94B2A4DCBBA00FC12E0 /* ChatApp */;
			targetProxy = 53BBE9632A4DCBBC00FC12E0 /* PBXContainerItemProxy */;
		};
		53BBE96E2A4DCBBC00FC12E0 /* PBXTargetDependency */ = {
			isa = PBXTargetDependency;
			target = 53BBE94B2A4DCBBA00FC12E0 /* ChatApp */;
			targetProxy = 53BBE96D2A4DCBBC00FC12E0 /* PBXContainerItemProxy */;
		};
/* End PBXTargetDependency section */

/* Begin PBXVariantGroup section */
		53BBE9552A4DCBBA00FC12E0 /* Main.storyboard */ = {
			isa = PBXVariantGroup;
			children = (
				53BBE9562A4DCBBA00FC12E0 /* Base */,
			);
			name = Main.storyboard;
			sourceTree = "<group>";
		};
		53BBE95A2A4DCBBB00FC12E0 /* LaunchScreen.storyboard */ = {
			isa = PBXVariantGroup;
			children = (
				53BBE95B2A4DCBBB00FC12E0 /* Base */,
			);
			name = LaunchScreen.storyboard;
			sourceTree = "<group>";
		};
/* End PBXVariantGroup section */

/* Begin XCBuildConfiguration section */
		53BBE9742A4DCBBC00FC12E0 /* Debug */ = {
			isa = XCBuildConfiguration;
			buildSettings = {
				ALWAYS_SEARCH_USER_PATHS = NO;
				CLANG_ANALYZER_NONNULL = YES;
				CLANG_ANALYZER_NUMBER_OBJECT_CONVERSION = YES_AGGRESSIVE;
				CLANG_CXX_LANGUAGE_STANDARD = "gnu++20";
				CLANG_ENABLE_MODULES = YES;
				CLANG_ENABLE_OBJC_ARC = YES;
				CLANG_ENABLE_OBJC_WEAK = YES;
				CLANG_WARN_BLOCK_CAPTURE_AUTORELEASING = YES;
				CLANG_WARN_BOOL_CONVERSION = YES;
				CLANG_WARN_COMMA = YES;
				CLANG_WARN_CONSTANT_CONVERSION = YES;
				CLANG_WARN_DEPRECATED_OBJC_IMPLEMENTATIONS = YES;
				CLANG_WARN_DIRECT_OBJC_ISA_USAGE = YES_ERROR;
				CLANG_WARN_DOCUMENTATION_COMMENTS = YES;
				CLANG_WARN_EMPTY_BODY = YES;
				CLANG_WARN_ENUM_CONVERSION = YES;
				CLANG_WARN_INFINITE_RECURSION = YES;
				CLANG_WARN_INT_CONVERSION = YES;
				CLANG_WARN_NON_LITERAL_NULL_CONVERSION = YES;
				CLANG_WARN_OBJC_IMPLICIT_RETAIN_SELF = YES;
				CLANG_WARN_OBJC_LITERAL_CONVERSION = YES;
				CLANG_WARN_OBJC_ROOT_CLASS = YES_ERROR;
				CLANG_WARN_QUOTED_INCLUDE_IN_FRAMEWORK_HEADER = YES;
				CLANG_WARN_RANGE_LOOP_ANALYSIS = YES;
				CLANG_WARN_STRICT_PROTOTYPES = YES;
				CLANG_WARN_SUSPICIOUS_MOVE = YES;
				CLANG_WARN_UNGUARDED_AVAILABILITY = YES_AGGRESSIVE;
				CLANG_WARN_UNREACHABLE_CODE = YES;
				CLANG_WARN__DUPLICATE_METHOD_MATCH = YES;
				COPY_PHASE_STRIP = NO;
				DEBUG_INFORMATION_FORMAT = dwarf;
				ENABLE_STRICT_OBJC_MSGSEND = YES;
				ENABLE_TESTABILITY = YES;
				GCC_C_LANGUAGE_STANDARD = gnu11;
				GCC_DYNAMIC_NO_PIC = NO;
				GCC_NO_COMMON_BLOCKS = YES;
				GCC_OPTIMIZATION_LEVEL = 0;
				GCC_PREPROCESSOR_DEFINITIONS = (
					"DEBUG=1",
					"$(inherited)",
				);
				GCC_WARN_64_TO_32_BIT_CONVERSION = YES;
				GCC_WARN_ABOUT_RETURN_TYPE = YES_ERROR;
				GCC_WARN_UNDECLARED_SELECTOR = YES;
				GCC_WARN_UNINITIALIZED_AUTOS = YES_AGGRESSIVE;
				GCC_WARN_UNUSED_FUNCTION = YES;
				GCC_WARN_UNUSED_VARIABLE = YES;
				IPHONEOS_DEPLOYMENT_TARGET = 16.2;
				MTL_ENABLE_DEBUG_INFO = INCLUDE_SOURCE;
				MTL_FAST_MATH = YES;
				ONLY_ACTIVE_ARCH = YES;
				SDKROOT = iphoneos;
				SWIFT_ACTIVE_COMPILATION_CONDITIONS = DEBUG;
				SWIFT_OPTIMIZATION_LEVEL = "-Onone";
			};
			name = Debug;
		};
		53BBE9752A4DCBBC00FC12E0 /* Release */ = {
			isa = XCBuildConfiguration;
			buildSettings = {
				ALWAYS_SEARCH_USER_PATHS = NO;
				CLANG_ANALYZER_NONNULL = YES;
				CLANG_ANALYZER_NUMBER_OBJECT_CONVERSION = YES_AGGRESSIVE;
				CLANG_CXX_LANGUAGE_STANDARD = "gnu++20";
				CLANG_ENABLE_MODULES = YES;
				CLANG_ENABLE_OBJC_ARC = YES;
				CLANG_ENABLE_OBJC_WEAK = YES;
				CLANG_WARN_BLOCK_CAPTURE_AUTORELEASING = YES;
				CLANG_WARN_BOOL_CONVERSION = YES;
				CLANG_WARN_COMMA = YES;
				CLANG_WARN_CONSTANT_CONVERSION = YES;
				CLANG_WARN_DEPRECATED_OBJC_IMPLEMENTATIONS = YES;
				CLANG_WARN_DIRECT_OBJC_ISA_USAGE = YES_ERROR;
				CLANG_WARN_DOCUMENTATION_COMMENTS = YES;
				CLANG_WARN_EMPTY_BODY = YES;
				CLANG_WARN_ENUM_CONVERSION = YES;
				CLANG_WARN_INFINITE_RECURSION = YES;
				CLANG_WARN_INT_CONVERSION = YES;
				CLANG_WARN_NON_LITERAL_NULL_CONVERSION = YES;
				CLANG_WARN_OBJC_IMPLICIT_RETAIN_SELF = YES;
				CLANG_WARN_OBJC_LITERAL_CONVERSION = YES;
				CLANG_WARN_OBJC_ROOT_CLASS = YES_ERROR;
				CLANG_WARN_QUOTED_INCLUDE_IN_FRAMEWORK_HEADER = YES;
				CLANG_WARN_RANGE_LOOP_ANALYSIS = YES;
				CLANG_WARN_STRICT_PROTOTYPES = YES;
				CLANG_WARN_SUSPICIOUS_MOVE = YES;
				CLANG_WARN_UNGUARDED_AVAILABILITY = YES_AGGRESSIVE;
				CLANG_WARN_UNREACHABLE_CODE = YES;
				CLANG_WARN__DUPLICATE_METHOD_MATCH = YES;
				COPY_PHASE_STRIP = NO;
				DEBUG_INFORMATION_FORMAT = "dwarf-with-dsym";
				ENABLE_NS_ASSERTIONS = NO;
				ENABLE_STRICT_OBJC_MSGSEND = YES;
				GCC_C_LANGUAGE_STANDARD = gnu11;
				GCC_NO_COMMON_BLOCKS = YES;
				GCC_WARN_64_TO_32_BIT_CONVERSION = YES;
				GCC_WARN_ABOUT_RETURN_TYPE = YES_ERROR;
				GCC_WARN_UNDECLARED_SELECTOR = YES;
				GCC_WARN_UNINITIALIZED_AUTOS = YES_AGGRESSIVE;
				GCC_WARN_UNUSED_FUNCTION = YES;
				GCC_WARN_UNUSED_VARIABLE = YES;
				IPHONEOS_DEPLOYMENT_TARGET = 16.2;
				MTL_ENABLE_DEBUG_INFO = NO;
				MTL_FAST_MATH = YES;
				SDKROOT = iphoneos;
				SWIFT_COMPILATION_MODE = wholemodule;
				SWIFT_OPTIMIZATION_LEVEL = "-O";
				VALIDATE_PRODUCT = YES;
			};
			name = Release;
		};
		53BBE9772A4DCBBC00FC12E0 /* Debug */ = {
			isa = XCBuildConfiguration;
			buildSettings = {
				ASSETCATALOG_COMPILER_APPICON_NAME = AppIcon;
				ASSETCATALOG_COMPILER_GLOBAL_ACCENT_COLOR_NAME = AccentColor;
				CODE_SIGN_STYLE = Automatic;
				CURRENT_PROJECT_VERSION = 1;
				GENERATE_INFOPLIST_FILE = YES;
				INFOPLIST_FILE = ChatApp/Info.plist;
				INFOPLIST_KEY_UIApplicationSupportsIndirectInputEvents = YES;
				INFOPLIST_KEY_UILaunchStoryboardName = LaunchScreen;
				INFOPLIST_KEY_UIMainStoryboardFile = Main;
				INFOPLIST_KEY_UISupportedInterfaceOrientations_iPad = "UIInterfaceOrientationPortrait UIInterfaceOrientationPortraitUpsideDown UIInterfaceOrientationLandscapeLeft UIInterfaceOrientationLandscapeRight";
				INFOPLIST_KEY_UISupportedInterfaceOrientations_iPhone = "UIInterfaceOrientationPortrait UIInterfaceOrientationLandscapeLeft UIInterfaceOrientationLandscapeRight";
				LD_RUNPATH_SEARCH_PATHS = (
					"$(inherited)",
					"@executable_path/Frameworks",
				);
				MARKETING_VERSION = 1.0;
				PRODUCT_BUNDLE_IDENTIFIER = "Ahmed-Khaled.ChatApp";
				PRODUCT_NAME = "$(TARGET_NAME)";
				SWIFT_EMIT_LOC_STRINGS = YES;
				SWIFT_VERSION = 5.0;
				TARGETED_DEVICE_FAMILY = "1,2";
			};
			name = Debug;
		};
		53BBE9782A4DCBBC00FC12E0 /* Release */ = {
			isa = XCBuildConfiguration;
			buildSettings = {
				ASSETCATALOG_COMPILER_APPICON_NAME = AppIcon;
				ASSETCATALOG_COMPILER_GLOBAL_ACCENT_COLOR_NAME = AccentColor;
				CODE_SIGN_STYLE = Automatic;
				CURRENT_PROJECT_VERSION = 1;
				GENERATE_INFOPLIST_FILE = YES;
				INFOPLIST_FILE = ChatApp/Info.plist;
				INFOPLIST_KEY_UIApplicationSupportsIndirectInputEvents = YES;
				INFOPLIST_KEY_UILaunchStoryboardName = LaunchScreen;
				INFOPLIST_KEY_UIMainStoryboardFile = Main;
				INFOPLIST_KEY_UISupportedInterfaceOrientations_iPad = "UIInterfaceOrientationPortrait UIInterfaceOrientationPortraitUpsideDown UIInterfaceOrientationLandscapeLeft UIInterfaceOrientationLandscapeRight";
				INFOPLIST_KEY_UISupportedInterfaceOrientations_iPhone = "UIInterfaceOrientationPortrait UIInterfaceOrientationLandscapeLeft UIInterfaceOrientationLandscapeRight";
				LD_RUNPATH_SEARCH_PATHS = (
					"$(inherited)",
					"@executable_path/Frameworks",
				);
				MARKETING_VERSION = 1.0;
				PRODUCT_BUNDLE_IDENTIFIER = "Ahmed-Khaled.ChatApp";
				PRODUCT_NAME = "$(TARGET_NAME)";
				SWIFT_EMIT_LOC_STRINGS = YES;
				SWIFT_VERSION = 5.0;
				TARGETED_DEVICE_FAMILY = "1,2";
			};
			name = Release;
		};
		53BBE97A2A4DCBBC00FC12E0 /* Debug */ = {
			isa = XCBuildConfiguration;
			buildSettings = {
				ALWAYS_EMBED_SWIFT_STANDARD_LIBRARIES = YES;
				BUNDLE_LOADER = "$(TEST_HOST)";
				CODE_SIGN_STYLE = Automatic;
				CURRENT_PROJECT_VERSION = 1;
				GENERATE_INFOPLIST_FILE = YES;
				IPHONEOS_DEPLOYMENT_TARGET = 16.2;
				MARKETING_VERSION = 1.0;
				PRODUCT_BUNDLE_IDENTIFIER = "Ahmed-Khaled.ChatAppTests";
				PRODUCT_NAME = "$(TARGET_NAME)";
				SWIFT_EMIT_LOC_STRINGS = NO;
				SWIFT_VERSION = 5.0;
				TARGETED_DEVICE_FAMILY = "1,2";
				TEST_HOST = "$(BUILT_PRODUCTS_DIR)/ChatApp.app/$(BUNDLE_EXECUTABLE_FOLDER_PATH)/ChatApp";
			};
			name = Debug;
		};
		53BBE97B2A4DCBBC00FC12E0 /* Release */ = {
			isa = XCBuildConfiguration;
			buildSettings = {
				ALWAYS_EMBED_SWIFT_STANDARD_LIBRARIES = YES;
				BUNDLE_LOADER = "$(TEST_HOST)";
				CODE_SIGN_STYLE = Automatic;
				CURRENT_PROJECT_VERSION = 1;
				GENERATE_INFOPLIST_FILE = YES;
				IPHONEOS_DEPLOYMENT_TARGET = 16.2;
				MARKETING_VERSION = 1.0;
				PRODUCT_BUNDLE_IDENTIFIER = "Ahmed-Khaled.ChatAppTests";
				PRODUCT_NAME = "$(TARGET_NAME)";
				SWIFT_EMIT_LOC_STRINGS = NO;
				SWIFT_VERSION = 5.0;
				TARGETED_DEVICE_FAMILY = "1,2";
				TEST_HOST = "$(BUILT_PRODUCTS_DIR)/ChatApp.app/$(BUNDLE_EXECUTABLE_FOLDER_PATH)/ChatApp";
			};
			name = Release;
		};
		53BBE97D2A4DCBBC00FC12E0 /* Debug */ = {
			isa = XCBuildConfiguration;
			buildSettings = {
				ALWAYS_EMBED_SWIFT_STANDARD_LIBRARIES = YES;
				CODE_SIGN_STYLE = Automatic;
				CURRENT_PROJECT_VERSION = 1;
				GENERATE_INFOPLIST_FILE = YES;
				MARKETING_VERSION = 1.0;
				PRODUCT_BUNDLE_IDENTIFIER = "Ahmed-Khaled.ChatAppUITests";
				PRODUCT_NAME = "$(TARGET_NAME)";
				SWIFT_EMIT_LOC_STRINGS = NO;
				SWIFT_VERSION = 5.0;
				TARGETED_DEVICE_FAMILY = "1,2";
				TEST_TARGET_NAME = ChatApp;
			};
			name = Debug;
		};
		53BBE97E2A4DCBBC00FC12E0 /* Release */ = {
			isa = XCBuildConfiguration;
			buildSettings = {
				ALWAYS_EMBED_SWIFT_STANDARD_LIBRARIES = YES;
				CODE_SIGN_STYLE = Automatic;
				CURRENT_PROJECT_VERSION = 1;
				GENERATE_INFOPLIST_FILE = YES;
				MARKETING_VERSION = 1.0;
				PRODUCT_BUNDLE_IDENTIFIER = "Ahmed-Khaled.ChatAppUITests";
				PRODUCT_NAME = "$(TARGET_NAME)";
				SWIFT_EMIT_LOC_STRINGS = NO;
				SWIFT_VERSION = 5.0;
				TARGETED_DEVICE_FAMILY = "1,2";
				TEST_TARGET_NAME = ChatApp;
			};
			name = Release;
		};
/* End XCBuildConfiguration section */

/* Begin XCConfigurationList section */
		53BBE9472A4DCBBA00FC12E0 /* Build configuration list for PBXProject "ChatApp" */ = {
			isa = XCConfigurationList;
			buildConfigurations = (
				53BBE9742A4DCBBC00FC12E0 /* Debug */,
				53BBE9752A4DCBBC00FC12E0 /* Release */,
			);
			defaultConfigurationIsVisible = 0;
			defaultConfigurationName = Release;
		};
		53BBE9762A4DCBBC00FC12E0 /* Build configuration list for PBXNativeTarget "ChatApp" */ = {
			isa = XCConfigurationList;
			buildConfigurations = (
				53BBE9772A4DCBBC00FC12E0 /* Debug */,
				53BBE9782A4DCBBC00FC12E0 /* Release */,
			);
			defaultConfigurationIsVisible = 0;
			defaultConfigurationName = Release;
		};
		53BBE9792A4DCBBC00FC12E0 /* Build configuration list for PBXNativeTarget "ChatAppTests" */ = {
			isa = XCConfigurationList;
			buildConfigurations = (
				53BBE97A2A4DCBBC00FC12E0 /* Debug */,
				53BBE97B2A4DCBBC00FC12E0 /* Release */,
			);
			defaultConfigurationIsVisible = 0;
			defaultConfigurationName = Release;
		};
		53BBE97C2A4DCBBC00FC12E0 /* Build configuration list for PBXNativeTarget "ChatAppUITests" */ = {
			isa = XCConfigurationList;
			buildConfigurations = (
				53BBE97D2A4DCBBC00FC12E0 /* Debug */,
				53BBE97E2A4DCBBC00FC12E0 /* Release */,
			);
			defaultConfigurationIsVisible = 0;
			defaultConfigurationName = Release;
		};
/* End XCConfigurationList section */

/* Begin XCRemoteSwiftPackageReference section */
		B068E2DA2A53556800556106 /* XCRemoteSwiftPackageReference "IQKeyboardManager" */ = {
			isa = XCRemoteSwiftPackageReference;
			repositoryURL = "https://github.com/hackiftekhar/IQKeyboardManager.git";
			requirement = {
				kind = upToNextMajorVersion;
				minimumVersion = 6.0.0;
			};
		};
		B0C87AAB2A50A6F5000B7467 /* XCRemoteSwiftPackageReference "firebase-ios-sdk" */ = {
			isa = XCRemoteSwiftPackageReference;
			repositoryURL = "https://github.com/firebase/firebase-ios-sdk";
			requirement = {
				kind = upToNextMajorVersion;
				minimumVersion = 9.0.0;
			};
		};
/* End XCRemoteSwiftPackageReference section */

/* Begin XCSwiftPackageProductDependency section */
		B068E2DB2A53556800556106 /* IQKeyboardManagerSwift */ = {
			isa = XCSwiftPackageProductDependency;
			package = B068E2DA2A53556800556106 /* XCRemoteSwiftPackageReference "IQKeyboardManager" */;
			productName = IQKeyboardManagerSwift;
		};
		B0C87AAC2A50A6F5000B7467 /* FirebaseAuth */ = {
			isa = XCSwiftPackageProductDependency;
			package = B0C87AAB2A50A6F5000B7467 /* XCRemoteSwiftPackageReference "firebase-ios-sdk" */;
			productName = FirebaseAuth;
		};
		B0C87AAE2A50A6F5000B7467 /* FirebaseFirestore */ = {
			isa = XCSwiftPackageProductDependency;
			package = B0C87AAB2A50A6F5000B7467 /* XCRemoteSwiftPackageReference "firebase-ios-sdk" */;
			productName = FirebaseFirestore;
		};
/* End XCSwiftPackageProductDependency section */
	};
	rootObject = 53BBE9442A4DCBBA00FC12E0 /* Project object */;
}
